// !$*UTF8*$!
{
	archiveVersion = 1;
	classes = {
	};
	objectVersion = 56;
	objects = {

/* Begin PBXBuildFile section */
		E59D15D72AA33C29006CF752 /* iBrowseApp.swift in Sources */ = {isa = PBXBuildFile; fileRef = E59D15D62AA33C29006CF752 /* iBrowseApp.swift */; };
		E59D15D92AA33C29006CF752 /* ContentView.swift in Sources */ = {isa = PBXBuildFile; fileRef = E59D15D82AA33C29006CF752 /* ContentView.swift */; };
		E59D15DB2AA33C29006CF752 /* Assets.xcassets in Resources */ = {isa = PBXBuildFile; fileRef = E59D15DA2AA33C29006CF752 /* Assets.xcassets */; };
		E59D15DF2AA33C29006CF752 /* Preview Assets.xcassets in Resources */ = {isa = PBXBuildFile; fileRef = E59D15DE2AA33C29006CF752 /* Preview Assets.xcassets */; };
		E59D15E72AA33C9D006CF752 /* WebView.swift in Sources */ = {isa = PBXBuildFile; fileRef = E59D15E62AA33C9D006CF752 /* WebView.swift */; };
		E59D15E92AA33CCD006CF752 /* WebViewModel.swift in Sources */ = {isa = PBXBuildFile; fileRef = E59D15E82AA33CCD006CF752 /* WebViewModel.swift */; };
		E59D15EC2AA33EA7006CF752 /* local.html in Resources */ = {isa = PBXBuildFile; fileRef = E59D15EB2AA33EA7006CF752 /* local.html */; };
		E59D15EE2AA3400D006CF752 /* LoaderView.swift in Sources */ = {isa = PBXBuildFile; fileRef = E59D15ED2AA3400D006CF752 /* LoaderView.swift */; };
		E59D15F02AA3405E006CF752 /* WebNavView.swift in Sources */ = {isa = PBXBuildFile; fileRef = E59D15EF2AA3405E006CF752 /* WebNavView.swift */; };
		E59D15F22AA3409C006CF752 /* VM.swift in Sources */ = {isa = PBXBuildFile; fileRef = E59D15F12AA3409C006CF752 /* VM.swift */; };
		E59D15F82AA347F2006CF752 /* JSScripts.swift in Sources */ = {isa = PBXBuildFile; fileRef = E59D15F72AA347F2006CF752 /* JSScripts.swift */; };
/* End PBXBuildFile section */

/* Begin PBXFileReference section */
		E59D15D32AA33C29006CF752 /* iBrowse.app */ = {isa = PBXFileReference; explicitFileType = wrapper.application; includeInIndex = 0; path = iBrowse.app; sourceTree = BUILT_PRODUCTS_DIR; };
		E59D15D62AA33C29006CF752 /* iBrowseApp.swift */ = {isa = PBXFileReference; lastKnownFileType = sourcecode.swift; path = iBrowseApp.swift; sourceTree = "<group>"; };
		E59D15D82AA33C29006CF752 /* ContentView.swift */ = {isa = PBXFileReference; lastKnownFileType = sourcecode.swift; path = ContentView.swift; sourceTree = "<group>"; };
		E59D15DA2AA33C29006CF752 /* Assets.xcassets */ = {isa = PBXFileReference; lastKnownFileType = folder.assetcatalog; path = Assets.xcassets; sourceTree = "<group>"; };
		E59D15DC2AA33C29006CF752 /* iBrowse.entitlements */ = {isa = PBXFileReference; lastKnownFileType = text.plist.entitlements; path = iBrowse.entitlements; sourceTree = "<group>"; };
		E59D15DE2AA33C29006CF752 /* Preview Assets.xcassets */ = {isa = PBXFileReference; lastKnownFileType = folder.assetcatalog; path = "Preview Assets.xcassets"; sourceTree = "<group>"; };
		E59D15E62AA33C9D006CF752 /* WebView.swift */ = {isa = PBXFileReference; lastKnownFileType = sourcecode.swift; path = WebView.swift; sourceTree = "<group>"; };
		E59D15E82AA33CCD006CF752 /* WebViewModel.swift */ = {isa = PBXFileReference; lastKnownFileType = sourcecode.swift; path = WebViewModel.swift; sourceTree = "<group>"; };
		E59D15EB2AA33EA7006CF752 /* local.html */ = {isa = PBXFileReference; lastKnownFileType = text.html; path = local.html; sourceTree = "<group>"; };
		E59D15ED2AA3400D006CF752 /* LoaderView.swift */ = {isa = PBXFileReference; lastKnownFileType = sourcecode.swift; path = LoaderView.swift; sourceTree = "<group>"; };
		E59D15EF2AA3405E006CF752 /* WebNavView.swift */ = {isa = PBXFileReference; lastKnownFileType = sourcecode.swift; path = WebNavView.swift; sourceTree = "<group>"; };
		E59D15F12AA3409C006CF752 /* VM.swift */ = {isa = PBXFileReference; lastKnownFileType = sourcecode.swift; path = VM.swift; sourceTree = "<group>"; };
		E59D15F72AA347F2006CF752 /* JSScripts.swift */ = {isa = PBXFileReference; lastKnownFileType = sourcecode.swift; path = JSScripts.swift; sourceTree = "<group>"; };
/* End PBXFileReference section */

/* Begin PBXFrameworksBuildPhase section */
		E59D15D02AA33C29006CF752 /* Frameworks */ = {
			isa = PBXFrameworksBuildPhase;
			buildActionMask = 2147483647;
			files = (
			);
			runOnlyForDeploymentPostprocessing = 0;
		};
/* End PBXFrameworksBuildPhase section */

/* Begin PBXGroup section */
		E5872F972AA3934F00CD1DD5 /* ViewModel */ = {
			isa = PBXGroup;
			children = (
				E59D15E82AA33CCD006CF752 /* WebViewModel.swift */,
				E59D15F12AA3409C006CF752 /* VM.swift */,
			);
			path = ViewModel;
			sourceTree = "<group>";
		};
		E5872F982AA3949600CD1DD5 /* Subviews */ = {
			isa = PBXGroup;
			children = (
				E59D15ED2AA3400D006CF752 /* LoaderView.swift */,
			);
			path = Subviews;
			sourceTree = "<group>";
		};
		E59D15CA2AA33C29006CF752 = {
			isa = PBXGroup;
			children = (
				E59D15D52AA33C29006CF752 /* iBrowse */,
				E59D15D42AA33C29006CF752 /* Products */,
			);
			sourceTree = "<group>";
		};
		E59D15D42AA33C29006CF752 /* Products */ = {
			isa = PBXGroup;
			children = (
				E59D15D32AA33C29006CF752 /* iBrowse.app */,
			);
			name = Products;
			sourceTree = "<group>";
		};
		E59D15D52AA33C29006CF752 /* iBrowse */ = {
			isa = PBXGroup;
			children = (
				E5872F982AA3949600CD1DD5 /* Subviews */,
				E5872F972AA3934F00CD1DD5 /* ViewModel */,
				E59D15EA2AA33E9B006CF752 /* JS */,
				E59D15E52AA33C8A006CF752 /* Views */,
				E59D15D62AA33C29006CF752 /* iBrowseApp.swift */,
				E59D15DA2AA33C29006CF752 /* Assets.xcassets */,
				E59D15DC2AA33C29006CF752 /* iBrowse.entitlements */,
				E59D15DD2AA33C29006CF752 /* Preview Content */,
			);
			path = iBrowse;
			sourceTree = "<group>";
		};
		E59D15DD2AA33C29006CF752 /* Preview Content */ = {
			isa = PBXGroup;
			children = (
				E59D15DE2AA33C29006CF752 /* Preview Assets.xcassets */,
			);
			path = "Preview Content";
			sourceTree = "<group>";
		};
		E59D15E52AA33C8A006CF752 /* Views */ = {
			isa = PBXGroup;
			children = (
				E59D15EF2AA3405E006CF752 /* WebNavView.swift */,
				E59D15E62AA33C9D006CF752 /* WebView.swift */,
				E59D15D82AA33C29006CF752 /* ContentView.swift */,
			);
			path = Views;
			sourceTree = "<group>";
		};
		E59D15EA2AA33E9B006CF752 /* JS */ = {
			isa = PBXGroup;
			children = (
				E59D15F72AA347F2006CF752 /* JSScripts.swift */,
				E59D15EB2AA33EA7006CF752 /* local.html */,
			);
			path = JS;
			sourceTree = "<group>";
		};
/* End PBXGroup section */

/* Begin PBXNativeTarget section */
		E59D15D22AA33C29006CF752 /* iBrowse */ = {
			isa = PBXNativeTarget;
			buildConfigurationList = E59D15E22AA33C29006CF752 /* Build configuration list for PBXNativeTarget "iBrowse" */;
			buildPhases = (
				E59D15CF2AA33C29006CF752 /* Sources */,
				E59D15D02AA33C29006CF752 /* Frameworks */,
				E59D15D12AA33C29006CF752 /* Resources */,
			);
			buildRules = (
			);
			dependencies = (
			);
			name = iBrowse;
			productName = iBrowse;
			productReference = E59D15D32AA33C29006CF752 /* iBrowse.app */;
			productType = "com.apple.product-type.application";
		};
/* End PBXNativeTarget section */

/* Begin PBXProject section */
		E59D15CB2AA33C29006CF752 /* Project object */ = {
			isa = PBXProject;
			attributes = {
				BuildIndependentTargetsInParallel = 1;
				LastSwiftUpdateCheck = 1430;
				LastUpgradeCheck = 1430;
				TargetAttributes = {
					E59D15D22AA33C29006CF752 = {
						CreatedOnToolsVersion = 14.3.1;
					};
				};
			};
			buildConfigurationList = E59D15CE2AA33C29006CF752 /* Build configuration list for PBXProject "iBrowse" */;
			compatibilityVersion = "Xcode 14.0";
			developmentRegion = en;
			hasScannedForEncodings = 0;
			knownRegions = (
				en,
				Base,
			);
			mainGroup = E59D15CA2AA33C29006CF752;
			productRefGroup = E59D15D42AA33C29006CF752 /* Products */;
			projectDirPath = "";
			projectRoot = "";
			targets = (
				E59D15D22AA33C29006CF752 /* iBrowse */,
			);
		};
/* End PBXProject section */

/* Begin PBXResourcesBuildPhase section */
		E59D15D12AA33C29006CF752 /* Resources */ = {
			isa = PBXResourcesBuildPhase;
			buildActionMask = 2147483647;
			files = (
				E59D15DF2AA33C29006CF752 /* Preview Assets.xcassets in Resources */,
				E59D15DB2AA33C29006CF752 /* Assets.xcassets in Resources */,
				E59D15EC2AA33EA7006CF752 /* local.html in Resources */,
			);
			runOnlyForDeploymentPostprocessing = 0;
		};
/* End PBXResourcesBuildPhase section */

/* Begin PBXSourcesBuildPhase section */
		E59D15CF2AA33C29006CF752 /* Sources */ = {
			isa = PBXSourcesBuildPhase;
			buildActionMask = 2147483647;
			files = (
				E59D15E72AA33C9D006CF752 /* WebView.swift in Sources */,
				E59D15D92AA33C29006CF752 /* ContentView.swift in Sources */,
				E59D15EE2AA3400D006CF752 /* LoaderView.swift in Sources */,
				E59D15D72AA33C29006CF752 /* iBrowseApp.swift in Sources */,
				E59D15E92AA33CCD006CF752 /* WebViewModel.swift in Sources */,
				E59D15F22AA3409C006CF752 /* VM.swift in Sources */,
				E59D15F02AA3405E006CF752 /* WebNavView.swift in Sources */,
				E59D15F82AA347F2006CF752 /* JSScripts.swift in Sources */,
			);
			runOnlyForDeploymentPostprocessing = 0;
		};
/* End PBXSourcesBuildPhase section */

/* Begin XCBuildConfiguration section */
		E59D15E02AA33C29006CF752 /* Debug */ = {
			isa = XCBuildConfiguration;
			buildSettings = {
				ALWAYS_SEARCH_USER_PATHS = NO;
				CLANG_ANALYZER_NONNULL = YES;
				CLANG_ANALYZER_NUMBER_OBJECT_CONVERSION = YES_AGGRESSIVE;
				CLANG_CXX_LANGUAGE_STANDARD = "gnu++20";
				CLANG_ENABLE_MODULES = YES;
				CLANG_ENABLE_OBJC_ARC = YES;
				CLANG_ENABLE_OBJC_WEAK = YES;
				CLANG_WARN_BLOCK_CAPTURE_AUTORELEASING = YES;
				CLANG_WARN_BOOL_CONVERSION = YES;
				CLANG_WARN_COMMA = YES;
				CLANG_WARN_CONSTANT_CONVERSION = YES;
				CLANG_WARN_DEPRECATED_OBJC_IMPLEMENTATIONS = YES;
				CLANG_WARN_DIRECT_OBJC_ISA_USAGE = YES_ERROR;
				CLANG_WARN_DOCUMENTATION_COMMENTS = YES;
				CLANG_WARN_EMPTY_BODY = YES;
				CLANG_WARN_ENUM_CONVERSION = YES;
				CLANG_WARN_INFINITE_RECURSION = YES;
				CLANG_WARN_INT_CONVERSION = YES;
				CLANG_WARN_NON_LITERAL_NULL_CONVERSION = YES;
				CLANG_WARN_OBJC_IMPLICIT_RETAIN_SELF = YES;
				CLANG_WARN_OBJC_LITERAL_CONVERSION = YES;
				CLANG_WARN_OBJC_ROOT_CLASS = YES_ERROR;
				CLANG_WARN_QUOTED_INCLUDE_IN_FRAMEWORK_HEADER = YES;
				CLANG_WARN_RANGE_LOOP_ANALYSIS = YES;
				CLANG_WARN_STRICT_PROTOTYPES = YES;
				CLANG_WARN_SUSPICIOUS_MOVE = YES;
				CLANG_WARN_UNGUARDED_AVAILABILITY = YES_AGGRESSIVE;
				CLANG_WARN_UNREACHABLE_CODE = YES;
				CLANG_WARN__DUPLICATE_METHOD_MATCH = YES;
				COPY_PHASE_STRIP = NO;
				DEBUG_INFORMATION_FORMAT = dwarf;
				ENABLE_STRICT_OBJC_MSGSEND = YES;
				ENABLE_TESTABILITY = YES;
				GCC_C_LANGUAGE_STANDARD = gnu11;
				GCC_DYNAMIC_NO_PIC = NO;
				GCC_NO_COMMON_BLOCKS = YES;
				GCC_OPTIMIZATION_LEVEL = 0;
				GCC_PREPROCESSOR_DEFINITIONS = (
					"DEBUG=1",
					"$(inherited)",
				);
				GCC_WARN_64_TO_32_BIT_CONVERSION = YES;
				GCC_WARN_ABOUT_RETURN_TYPE = YES_ERROR;
				GCC_WARN_UNDECLARED_SELECTOR = YES;
				GCC_WARN_UNINITIALIZED_AUTOS = YES_AGGRESSIVE;
				GCC_WARN_UNUSED_FUNCTION = YES;
				GCC_WARN_UNUSED_VARIABLE = YES;
				MTL_ENABLE_DEBUG_INFO = INCLUDE_SOURCE;
				MTL_FAST_MATH = YES;
				ONLY_ACTIVE_ARCH = YES;
				SWIFT_ACTIVE_COMPILATION_CONDITIONS = DEBUG;
				SWIFT_OPTIMIZATION_LEVEL = "-Onone";
			};
			name = Debug;
		};
		E59D15E12AA33C29006CF752 /* Release */ = {
			isa = XCBuildConfiguration;
			buildSettings = {
				ALWAYS_SEARCH_USER_PATHS = NO;
				CLANG_ANALYZER_NONNULL = YES;
				CLANG_ANALYZER_NUMBER_OBJECT_CONVERSION = YES_AGGRESSIVE;
				CLANG_CXX_LANGUAGE_STANDARD = "gnu++20";
				CLANG_ENABLE_MODULES = YES;
				CLANG_ENABLE_OBJC_ARC = YES;
				CLANG_ENABLE_OBJC_WEAK = YES;
				CLANG_WARN_BLOCK_CAPTURE_AUTORELEASING = YES;
				CLANG_WARN_BOOL_CONVERSION = YES;
				CLANG_WARN_COMMA = YES;
				CLANG_WARN_CONSTANT_CONVERSION = YES;
				CLANG_WARN_DEPRECATED_OBJC_IMPLEMENTATIONS = YES;
				CLANG_WARN_DIRECT_OBJC_ISA_USAGE = YES_ERROR;
				CLANG_WARN_DOCUMENTATION_COMMENTS = YES;
				CLANG_WARN_EMPTY_BODY = YES;
				CLANG_WARN_ENUM_CONVERSION = YES;
				CLANG_WARN_INFINITE_RECURSION = YES;
				CLANG_WARN_INT_CONVERSION = YES;
				CLANG_WARN_NON_LITERAL_NULL_CONVERSION = YES;
				CLANG_WARN_OBJC_IMPLICIT_RETAIN_SELF = YES;
				CLANG_WARN_OBJC_LITERAL_CONVERSION = YES;
				CLANG_WARN_OBJC_ROOT_CLASS = YES_ERROR;
				CLANG_WARN_QUOTED_INCLUDE_IN_FRAMEWORK_HEADER = YES;
				CLANG_WARN_RANGE_LOOP_ANALYSIS = YES;
				CLANG_WARN_STRICT_PROTOTYPES = YES;
				CLANG_WARN_SUSPICIOUS_MOVE = YES;
				CLANG_WARN_UNGUARDED_AVAILABILITY = YES_AGGRESSIVE;
				CLANG_WARN_UNREACHABLE_CODE = YES;
				CLANG_WARN__DUPLICATE_METHOD_MATCH = YES;
				COPY_PHASE_STRIP = NO;
				DEBUG_INFORMATION_FORMAT = "dwarf-with-dsym";
				ENABLE_NS_ASSERTIONS = NO;
				ENABLE_STRICT_OBJC_MSGSEND = YES;
				GCC_C_LANGUAGE_STANDARD = gnu11;
				GCC_NO_COMMON_BLOCKS = YES;
				GCC_WARN_64_TO_32_BIT_CONVERSION = YES;
				GCC_WARN_ABOUT_RETURN_TYPE = YES_ERROR;
				GCC_WARN_UNDECLARED_SELECTOR = YES;
				GCC_WARN_UNINITIALIZED_AUTOS = YES_AGGRESSIVE;
				GCC_WARN_UNUSED_FUNCTION = YES;
				GCC_WARN_UNUSED_VARIABLE = YES;
				MTL_ENABLE_DEBUG_INFO = NO;
				MTL_FAST_MATH = YES;
				SWIFT_COMPILATION_MODE = wholemodule;
				SWIFT_OPTIMIZATION_LEVEL = "-O";
			};
			name = Release;
		};
		E59D15E32AA33C29006CF752 /* Debug */ = {
			isa = XCBuildConfiguration;
			buildSettings = {
				ASSETCATALOG_COMPILER_APPICON_NAME = AppIcon;
				ASSETCATALOG_COMPILER_GLOBAL_ACCENT_COLOR_NAME = AccentColor;
				CODE_SIGN_ENTITLEMENTS = iBrowse/iBrowse.entitlements;
				CODE_SIGN_STYLE = Automatic;
				CURRENT_PROJECT_VERSION = 1;
				DEVELOPMENT_ASSET_PATHS = "\"iBrowse/Preview Content\"";
				DEVELOPMENT_TEAM = 5PVHGUKPAW;
				ENABLE_HARDENED_RUNTIME = YES;
				ENABLE_PREVIEWS = YES;
				GENERATE_INFOPLIST_FILE = YES;
				"INFOPLIST_KEY_UIApplicationSceneManifest_Generation[sdk=iphoneos*]" = YES;
				"INFOPLIST_KEY_UIApplicationSceneManifest_Generation[sdk=iphonesimulator*]" = YES;
				"INFOPLIST_KEY_UIApplicationSupportsIndirectInputEvents[sdk=iphoneos*]" = YES;
				"INFOPLIST_KEY_UIApplicationSupportsIndirectInputEvents[sdk=iphonesimulator*]" = YES;
				"INFOPLIST_KEY_UILaunchScreen_Generation[sdk=iphoneos*]" = YES;
				"INFOPLIST_KEY_UILaunchScreen_Generation[sdk=iphonesimulator*]" = YES;
				"INFOPLIST_KEY_UIStatusBarStyle[sdk=iphoneos*]" = UIStatusBarStyleDefault;
				"INFOPLIST_KEY_UIStatusBarStyle[sdk=iphonesimulator*]" = UIStatusBarStyleDefault;
				INFOPLIST_KEY_UISupportedInterfaceOrientations_iPad = "UIInterfaceOrientationPortrait UIInterfaceOrientationPortraitUpsideDown UIInterfaceOrientationLandscapeLeft UIInterfaceOrientationLandscapeRight";
				INFOPLIST_KEY_UISupportedInterfaceOrientations_iPhone = "UIInterfaceOrientationPortrait UIInterfaceOrientationLandscapeLeft UIInterfaceOrientationLandscapeRight";
				IPHONEOS_DEPLOYMENT_TARGET = 16.4;
				LD_RUNPATH_SEARCH_PATHS = "@executable_path/Frameworks";
				"LD_RUNPATH_SEARCH_PATHS[sdk=macosx*]" = "@executable_path/../Frameworks";
				MACOSX_DEPLOYMENT_TARGET = 13.3;
				MARKETING_VERSION = 1.0;
				PRODUCT_BUNDLE_IDENTIFIER = com.CodingKovs.iBrowse;
				PRODUCT_NAME = "$(TARGET_NAME)";
				SDKROOT = auto;
				SUPPORTED_PLATFORMS = "iphoneos iphonesimulator macosx";
				SWIFT_EMIT_LOC_STRINGS = YES;
				SWIFT_VERSION = 5.0;
				TARGETED_DEVICE_FAMILY = "1,2";
			};
			name = Debug;
		};
		E59D15E42AA33C29006CF752 /* Release */ = {
			isa = XCBuildConfiguration;
			buildSettings = {
				ASSETCATALOG_COMPILER_APPICON_NAME = AppIcon;
				ASSETCATALOG_COMPILER_GLOBAL_ACCENT_COLOR_NAME = AccentColor;
				CODE_SIGN_ENTITLEMENTS = iBrowse/iBrowse.entitlements;
				CODE_SIGN_STYLE = Automatic;
				CURRENT_PROJECT_VERSION = 1;
				DEVELOPMENT_ASSET_PATHS = "\"iBrowse/Preview Content\"";
				DEVELOPMENT_TEAM = 5PVHGUKPAW;
				ENABLE_HARDENED_RUNTIME = YES;
				ENABLE_PREVIEWS = YES;
				GENERATE_INFOPLIST_FILE = YES;
				"INFOPLIST_KEY_UIApplicationSceneManifest_Generation[sdk=iphoneos*]" = YES;
				"INFOPLIST_KEY_UIApplicationSceneManifest_Generation[sdk=iphonesimulator*]" = YES;
				"INFOPLIST_KEY_UIApplicationSupportsIndirectInputEvents[sdk=iphoneos*]" = YES;
				"INFOPLIST_KEY_UIApplicationSupportsIndirectInputEvents[sdk=iphonesimulator*]" = YES;
				"INFOPLIST_KEY_UILaunchScreen_Generation[sdk=iphoneos*]" = YES;
				"INFOPLIST_KEY_UILaunchScreen_Generation[sdk=iphonesimulator*]" = YES;
				"INFOPLIST_KEY_UIStatusBarStyle[sdk=iphoneos*]" = UIStatusBarStyleDefault;
				"INFOPLIST_KEY_UIStatusBarStyle[sdk=iphonesimulator*]" = UIStatusBarStyleDefault;
				INFOPLIST_KEY_UISupportedInterfaceOrientations_iPad = "UIInterfaceOrientationPortrait UIInterfaceOrientationPortraitUpsideDown UIInterfaceOrientationLandscapeLeft UIInterfaceOrientationLandscapeRight";
				INFOPLIST_KEY_UISupportedInterfaceOrientations_iPhone = "UIInterfaceOrientationPortrait UIInterfaceOrientationLandscapeLeft UIInterfaceOrientationLandscapeRight";
				IPHONEOS_DEPLOYMENT_TARGET = 16.4;
				LD_RUNPATH_SEARCH_PATHS = "@executable_path/Frameworks";
				"LD_RUNPATH_SEARCH_PATHS[sdk=macosx*]" = "@executable_path/../Frameworks";
				MACOSX_DEPLOYMENT_TARGET = 13.3;
				MARKETING_VERSION = 1.0;
				PRODUCT_BUNDLE_IDENTIFIER = com.CodingKovs.iBrowse;
				PRODUCT_NAME = "$(TARGET_NAME)";
				SDKROOT = auto;
				SUPPORTED_PLATFORMS = "iphoneos iphonesimulator macosx";
				SWIFT_EMIT_LOC_STRINGS = YES;
				SWIFT_VERSION = 5.0;
				TARGETED_DEVICE_FAMILY = "1,2";
			};
			name = Release;
		};
/* End XCBuildConfiguration section */

/* Begin XCConfigurationList section */
		E59D15CE2AA33C29006CF752 /* Build configuration list for PBXProject "iBrowse" */ = {
			isa = XCConfigurationList;
			buildConfigurations = (
				E59D15E02AA33C29006CF752 /* Debug */,
				E59D15E12AA33C29006CF752 /* Release */,
			);
			defaultConfigurationIsVisible = 0;
			defaultConfigurationName = Release;
		};
		E59D15E22AA33C29006CF752 /* Build configuration list for PBXNativeTarget "iBrowse" */ = {
			isa = XCConfigurationList;
			buildConfigurations = (
				E59D15E32AA33C29006CF752 /* Debug */,
				E59D15E42AA33C29006CF752 /* Release */,
			);
			defaultConfigurationIsVisible = 0;
			defaultConfigurationName = Release;
		};
/* End XCConfigurationList section */
	};
	rootObject = E59D15CB2AA33C29006CF752 /* Project object */;
}
